lockfileVersion: '9.0'

settings:
  autoInstallPeers: true
  excludeLinksFromLockfile: false

importers:

  .:
    dependencies:
      p-limit:
        specifier: ^6.2.0
        version: 6.2.0
      url-parse:
        specifier: ^1.5.10
        version: 1.5.10
    devDependencies:
      '@biomejs/biome':
        specifier: ^1.9.4
        version: 1.9.4
      '@rsbuild/core':
        specifier: ^1.3.22
        version: 1.3.22
      '@rslib/core':
        specifier: ^0.9.2
        version: 0.9.2(typescript@5.8.3)
      '@types/node':
        specifier: ^22.15.30
        version: 22.15.30
      '@types/url-parse':
        specifier: ^1.4.11
        version: 1.4.11
      cheerio:
        specifier: ^1.0.0
        version: 1.0.0
      typescript:
        specifier: ^5.8.3
        version: 5.8.3

packages:

  '@ast-grep/napi-darwin-arm64@0.37.0':
    resolution: {integrity: sha512-QAiIiaAbLvMEg/yBbyKn+p1gX2/FuaC0SMf7D7capm/oG4xGMzdeaQIcSosF4TCxxV+hIH4Bz9e4/u7w6Bnk3Q==}
    engines: {node: '>= 10'}
    cpu: [arm64]
    os: [darwin]

  '@ast-grep/napi-darwin-x64@0.37.0':
    resolution: {integrity: sha512-zvcvdgekd4ySV3zUbUp8HF5nk5zqwiMXTuVzTUdl/w08O7JjM6XPOIVT+d2o/MqwM9rsXdzdergY5oY2RdhSPA==}
    engines: {node: '>= 10'}
    cpu: [x64]
    os: [darwin]

  '@ast-grep/napi-linux-arm64-gnu@0.37.0':
    resolution: {integrity: sha512-L7Sj0lXy8X+BqSMgr1LB8cCoWk0rericdeu+dC8/c8zpsav5Oo2IQKY1PmiZ7H8IHoFBbURLf8iklY9wsD+cyA==}
    engines: {node: '>= 10'}
    cpu: [arm64]
    os: [linux]

  '@ast-grep/napi-linux-arm64-musl@0.37.0':
    resolution: {integrity: sha512-LF9sAvYy6es/OdyJDO3RwkX3I82Vkfsng1sqUBcoWC1jVb1wX5YVzHtpQox9JrEhGl+bNp7FYxB4Qba9OdA5GA==}
    engines: {node: '>= 10'}
    cpu: [arm64]
    os: [linux]

  '@ast-grep/napi-linux-x64-gnu@0.37.0':
    resolution: {integrity: sha512-TViz5/klqre6aSmJzswEIjApnGjJzstG/SE8VDWsrftMBMYt2PTu3MeluZVwzSqDao8doT/P+6U11dU05UOgxw==}
    engines: {node: '>= 10'}
    cpu: [x64]
    os: [linux]

  '@ast-grep/napi-linux-x64-musl@0.37.0':
    resolution: {integrity: sha512-/BcCH33S9E3ovOAEoxYngUNXgb+JLg991sdyiNP2bSoYd30a9RHrG7CYwW6fMgua3ijQ474eV6cq9yZO1bCpXg==}
    engines: {node: '>= 10'}
    cpu: [x64]
    os: [linux]

  '@ast-grep/napi-win32-arm64-msvc@0.37.0':
    resolution: {integrity: sha512-TjQA4cFoIEW2bgjLkaL9yqT4XWuuLa5MCNd0VCDhGRDMNQ9+rhwi9eLOWRaap3xzT7g+nlbcEHL3AkVCD2+b3A==}
    engines: {node: '>= 10'}
    cpu: [arm64]
    os: [win32]

  '@ast-grep/napi-win32-ia32-msvc@0.37.0':
    resolution: {integrity: sha512-uNmVka8fJCdYsyOlF9aZqQMLTatEYBynjChVTzUfFMDfmZ0bihs/YTqJVbkSm8TZM7CUX82apvn50z/dX5iWRA==}
    engines: {node: '>= 10'}
    cpu: [ia32]
    os: [win32]

  '@ast-grep/napi-win32-x64-msvc@0.37.0':
    resolution: {integrity: sha512-vCiFOT3hSCQuHHfZ933GAwnPzmL0G04JxQEsBRfqONywyT8bSdDc/ECpAfr3S9VcS4JZ9/F6tkePKW/Om2Dq2g==}
    engines: {node: '>= 10'}
    cpu: [x64]
    os: [win32]

  '@ast-grep/napi@0.37.0':
    resolution: {integrity: sha512-Hb4o6h1Pf6yRUAX07DR4JVY7dmQw+RVQMW5/m55GoiAT/VRoKCWBtIUPPOnqDVhbx1Cjfil9b6EDrgJsUAujEQ==}
    engines: {node: '>= 10'}

  '@biomejs/biome@1.9.4':
    resolution: {integrity: sha512-1rkd7G70+o9KkTn5KLmDYXihGoTaIGO9PIIN2ZB7UJxFrWw04CZHPYiMRjYsaDvVV7hP1dYNRLxSANLaBFGpog==}
    engines: {node: '>=14.21.3'}
    hasBin: true

  '@biomejs/cli-darwin-arm64@1.9.4':
    resolution: {integrity: sha512-bFBsPWrNvkdKrNCYeAp+xo2HecOGPAy9WyNyB/jKnnedgzl4W4Hb9ZMzYNbf8dMCGmUdSavlYHiR01QaYR58cw==}
    engines: {node: '>=14.21.3'}
    cpu: [arm64]
    os: [darwin]

  '@biomejs/cli-darwin-x64@1.9.4':
    resolution: {integrity: sha512-ngYBh/+bEedqkSevPVhLP4QfVPCpb+4BBe2p7Xs32dBgs7rh9nY2AIYUL6BgLw1JVXV8GlpKmb/hNiuIxfPfZg==}
    engines: {node: '>=14.21.3'}
    cpu: [x64]
    os: [darwin]

  '@biomejs/cli-linux-arm64-musl@1.9.4':
    resolution: {integrity: sha512-v665Ct9WCRjGa8+kTr0CzApU0+XXtRgwmzIf1SeKSGAv+2scAlW6JR5PMFo6FzqqZ64Po79cKODKf3/AAmECqA==}
    engines: {node: '>=14.21.3'}
    cpu: [arm64]
    os: [linux]

  '@biomejs/cli-linux-arm64@1.9.4':
    resolution: {integrity: sha512-fJIW0+LYujdjUgJJuwesP4EjIBl/N/TcOX3IvIHJQNsAqvV2CHIogsmA94BPG6jZATS4Hi+xv4SkBBQSt1N4/g==}
    engines: {node: '>=14.21.3'}
    cpu: [arm64]
    os: [linux]

  '@biomejs/cli-linux-x64-musl@1.9.4':
    resolution: {integrity: sha512-gEhi/jSBhZ2m6wjV530Yy8+fNqG8PAinM3oV7CyO+6c3CEh16Eizm21uHVsyVBEB6RIM8JHIl6AGYCv6Q6Q9Tg==}
    engines: {node: '>=14.21.3'}
    cpu: [x64]
    os: [linux]

  '@biomejs/cli-linux-x64@1.9.4':
    resolution: {integrity: sha512-lRCJv/Vi3Vlwmbd6K+oQ0KhLHMAysN8lXoCI7XeHlxaajk06u7G+UsFSO01NAs5iYuWKmVZjmiOzJ0OJmGsMwg==}
    engines: {node: '>=14.21.3'}
    cpu: [x64]
    os: [linux]

  '@biomejs/cli-win32-arm64@1.9.4':
    resolution: {integrity: sha512-tlbhLk+WXZmgwoIKwHIHEBZUwxml7bRJgk0X2sPyNR3S93cdRq6XulAZRQJ17FYGGzWne0fgrXBKpl7l4M87Hg==}
    engines: {node: '>=14.21.3'}
    cpu: [arm64]
    os: [win32]

  '@biomejs/cli-win32-x64@1.9.4':
    resolution: {integrity: sha512-8Y5wMhVIPaWe6jw2H+KlEm4wP/f7EW3810ZLmDlrEEy5KvBsb9ECEfu/kMWD484ijfQ8+nIi0giMgu9g1UAuuA==}
    engines: {node: '>=14.21.3'}
    cpu: [x64]
    os: [win32]

  '@jridgewell/sourcemap-codec@1.5.0':
    resolution: {integrity: sha512-gv3ZRaISU3fjPAgNsriBRqGWQL6quFx04YMPW/zD8XMLsU32mhCCbfbO6KZFLjvYpCZ8zyDEgqsgf+PwPaM7GQ==}

  '@module-federation/error-codes@0.14.0':
    resolution: {integrity: sha512-GGk+EoeSACJikZZyShnLshtq9E2eCrDWbRiB4QAFXCX4oYmGgFfzXlx59vMNwqTKPJWxkEGnPYacJMcr2YYjag==}

  '@module-federation/error-codes@0.14.3':
    resolution: {integrity: sha512-sBJ3XKU9g5Up31jFeXPFsD8AgORV7TLO/cCSMuRewSfgYbG/3vSKLJmfHrO6+PvjZSb9VyV2UaF02ojktW65vw==}

  '@module-federation/runtime-core@0.14.0':
    resolution: {integrity: sha512-fGE1Ro55zIFDp/CxQuRhKQ1pJvG7P0qvRm2N+4i8z++2bgDjcxnCKUqDJ8lLD+JfJQvUJf0tuSsJPgevzueD4g==}

  '@module-federation/runtime-core@0.14.3':
    resolution: {integrity: sha512-xMFQXflLVW/AJTWb4soAFP+LB4XuhE7ryiLIX8oTyUoBBgV6U2OPghnFljPjeXbud72O08NYlQ1qsHw1kN/V8Q==}

  '@module-federation/runtime-tools@0.14.0':
    resolution: {integrity: sha512-y/YN0c2DKsLETE+4EEbmYWjqF9G6ZwgZoDIPkaQ9p0pQu0V4YxzWfQagFFxR0RigYGuhJKmSU/rtNoHq+qF8jg==}

  '@module-federation/runtime-tools@0.14.3':
    resolution: {integrity: sha512-QBETX7iMYXdSa3JtqFlYU+YkpymxETZqyIIRiqg0gW+XGpH3jgU68yjrme2NBJp7URQi/CFZG8KWtfClk0Pjgw==}

  '@module-federation/runtime@0.14.0':
    resolution: {integrity: sha512-kR3cyHw/Y64SEa7mh4CHXOEQYY32LKLK75kJOmBroLNLO7/W01hMNAvGBYTedS7hWpVuefPk1aFZioy3q2VLdQ==}

  '@module-federation/runtime@0.14.3':
    resolution: {integrity: sha512-7ZHpa3teUDVhraYdxQGkfGHzPbjna4LtwbpudgzAxSLLFxLDNanaxCuSeIgSM9c+8sVUNC9kvzUgJEZB0krPJw==}

  '@module-federation/sdk@0.14.0':
    resolution: {integrity: sha512-lg/OWRsh18hsyTCamOOhEX546vbDiA2O4OggTxxH2wTGr156N6DdELGQlYIKfRdU/0StgtQS81Goc0BgDZlx9A==}

  '@module-federation/sdk@0.14.3':
    resolution: {integrity: sha512-THJZMfbXpqjQOLblCQ8jjcBFFXsGRJwUWE9l/Q4SmuCSKMgAwie7yLT0qSGrHmyBYrsUjAuy+xNB4nfKP0pnGw==}

  '@module-federation/webpack-bundler-runtime@0.14.0':
    resolution: {integrity: sha512-POWS6cKBicAAQ3DNY5X7XEUSfOfUsRaBNxbuwEfSGlrkTE9UcWheO06QP2ndHi8tHQuUKcIHi2navhPkJ+k5xg==}

  '@module-federation/webpack-bundler-runtime@0.14.3':
    resolution: {integrity: sha512-hIyJFu34P7bY2NeMIUHAS/mYUHEY71VTAsN0A0AqEJFSVPszheopu9VdXq0VDLrP9KQfuXT8SDxeYeJXyj0mgA==}

  '@rsbuild/core@1.3.22':
    resolution: {integrity: sha512-FGB7m8Tn/uiOhvqk0lw+NRMyD+VYJ+eBqVfpn0X11spkJDiPWn8UkMRvfzCX4XFcNZwRKYuuKJaZK1DNU8UG+w==}
    engines: {node: '>=16.10.0'}
    hasBin: true

  '@rsbuild/core@1.4.0-beta.2':
    resolution: {integrity: sha512-cgMGolvlPkDghi0+tuoN5pYZERhOuOHQWXwxVU963/f5BSrXDRtwH6QzUevmUVyh+i1zFE5OdWM3YyVCahvG2Q==}
    engines: {node: '>=16.10.0'}
    hasBin: true

  '@rslib/core@0.9.2':
    resolution: {integrity: sha512-C5mZroofHKJiHl7V/b2hIp9WnFXRrKFnfOP/Aw+7DcxgH/ur593MypG3Zg5mVcaJv6OG36oNbvUtJ6+Wk5yqog==}
    engines: {node: '>=16.7.0'}
    hasBin: true
    peerDependencies:
      '@microsoft/api-extractor': ^7
      typescript: ^5
    peerDependenciesMeta:
      '@microsoft/api-extractor':
        optional: true
      typescript:
        optional: true

  '@rspack/binding-darwin-arm64@1.3.12':
    resolution: {integrity: sha512-8hKjVTBeWPqkMzFPNWIh72oU9O3vFy3e88wRjMPImDCXBiEYrKqGTTLd/J0SO+efdL3SBD1rX1IvdJpxCv6Yrw==}
    cpu: [arm64]
    os: [darwin]

  '@rspack/binding-darwin-arm64@1.3.15':
    resolution: {integrity: sha512-f+DnVRENRdVe+ufpZeqTtWAUDSTnP48jVo7x9KWsXf8XyJHUi+eHKEPrFoy1HvL1/k5yJ3HVnFBh1Hb9cNIwSg==}
    cpu: [arm64]
    os: [darwin]

  '@rspack/binding-darwin-x64@1.3.12':
    resolution: {integrity: sha512-Sj4m+mCUxL7oCpdu7OmWT7fpBM7hywk5CM9RDc3D7StaBZbvNtNftafCrTZzTYKuZrKmemTh5SFzT5Tz7tf6GA==}
    cpu: [x64]
    os: [darwin]

  '@rspack/binding-darwin-x64@1.3.15':
    resolution: {integrity: sha512-TfUvEIBqYUT2OK01BYXb2MNcZeZIhAnJy/5aj0qV0uy4KlvwW63HYcKWa1sFd4Ac7bnGShDkanvP3YEuHOFOyg==}
    cpu: [x64]
    os: [darwin]

  '@rspack/binding-linux-arm64-gnu@1.3.12':
    resolution: {integrity: sha512-7MuOxf3/Mhv4mgFdLTvgnt/J+VouNR65DEhorth+RZm3LEWojgoFEphSAMAvpvAOpYSS68Sw4SqsOZi719ia2w==}
    cpu: [arm64]
    os: [linux]

  '@rspack/binding-linux-arm64-gnu@1.3.15':
    resolution: {integrity: sha512-D/YjYk9snKvYm1Elotq8/GsEipB4ZJWVv/V8cZ+ohhFNOPzygENi6JfyI06TryBTQiN0/JDZqt/S9RaWBWnMqw==}
    cpu: [arm64]
    os: [linux]

  '@rspack/binding-linux-arm64-musl@1.3.12':
    resolution: {integrity: sha512-s6KKj20T9Z1bA8caIjU6EzJbwyDo1URNFgBAlafCT2UC6yX7flstDJJ38CxZacA9A2P24RuQK2/jPSZpWrTUFA==}
    cpu: [arm64]
    os: [linux]

  '@rspack/binding-linux-arm64-musl@1.3.15':
    resolution: {integrity: sha512-lJbBsPMOiR0hYPCSM42yp7QiZjfo0ALtX7ws2wURpsQp3BMfRVAmXU3Ixpo2XCRtG1zj8crHaCmAWOJTS0smsA==}
    cpu: [arm64]
    os: [linux]

  '@rspack/binding-linux-x64-gnu@1.3.12':
    resolution: {integrity: sha512-0w/sRREYbRgHgWvs2uMEJSLfvzbZkPHUg6CMcYQGNVK6axYRot6jPyKetyFYA9pR5fB5rsXegpnFaZaVrRIK2g==}
    cpu: [x64]
    os: [linux]

  '@rspack/binding-linux-x64-gnu@1.3.15':
    resolution: {integrity: sha512-qGB8ucHklrzNg6lsAS36VrBsCbOw0acgpQNqTE5cuHWrp1Pu3GFTRiFEogenxEmzoRbohMZt0Ev5grivrcgKBQ==}
    cpu: [x64]
    os: [linux]

  '@rspack/binding-linux-x64-musl@1.3.12':
    resolution: {integrity: sha512-jEdxkPymkRxbijDRsBGdhopcbGXiXDg59lXqIRkVklqbDmZ/O6DHm7gImmlx5q9FoWbz0gqJuOKBz4JqWxjWVA==}
    cpu: [x64]
    os: [linux]

  '@rspack/binding-linux-x64-musl@1.3.15':
    resolution: {integrity: sha512-qRn6e40fLQP+N2rQD8GAj/h4DakeTIho32VxTIaHRVuzw68ZD7VmKkwn55ssN370ejmey35ZdoNFNE12RBrMZA==}
    cpu: [x64]
    os: [linux]

  '@rspack/binding-win32-arm64-msvc@1.3.12':
    resolution: {integrity: sha512-ZRvUCb3TDLClAqcTsl/o9UdJf0B5CgzAxgdbnYJbldyuyMeTUB4jp20OfG55M3C2Nute2SNhu2bOOp9Se5Ongw==}
    cpu: [arm64]
    os: [win32]

  '@rspack/binding-win32-arm64-msvc@1.3.15':
    resolution: {integrity: sha512-7uJ7dWhO1nWXJiCss6Rslz8hoAxAhFpwpbWja3eHgRb7O4NPHg6MWw63AQSI2aFVakreenfu9yXQqYfpVWJ2dA==}
    cpu: [arm64]
    os: [win32]

  '@rspack/binding-win32-ia32-msvc@1.3.12':
    resolution: {integrity: sha512-1TKPjuXStPJr14f3ZHuv40Xc/87jUXx10pzVtrPnw+f3hckECHrbYU/fvbVzZyuXbsXtkXpYca6ygCDRJAoNeQ==}
    cpu: [ia32]
    os: [win32]

  '@rspack/binding-win32-ia32-msvc@1.3.15':
    resolution: {integrity: sha512-UsaWTYCjDiSCB0A0qETgZk4QvhwfG8gCrO4SJvA+QSEWOmgSai1YV70prFtLLIiyT9mDt1eU3tPWl1UWPRU/EQ==}
    cpu: [ia32]
    os: [win32]

  '@rspack/binding-win32-x64-msvc@1.3.12':
    resolution: {integrity: sha512-lCR0JfnYKpV+a6r2A2FdxyUKUS4tajePgpPJN5uXDgMGwrDtRqvx+d0BHhwjFudQVJq9VVbRaL89s2MQ6u+xYw==}
    cpu: [x64]
    os: [win32]

  '@rspack/binding-win32-x64-msvc@1.3.15':
    resolution: {integrity: sha512-ZnDIc9Es8EF94MirPDN+hOMt7tkb8nMEbRJFKLMmNd0ElNPgsql+1cY5SqyGRH1hsKB87KfSUQlhFiKZvzbfIg==}
    cpu: [x64]
    os: [win32]

  '@rspack/binding@1.3.12':
    resolution: {integrity: sha512-4Ic8lV0+LCBfTlH5aIOujIRWZOtgmG223zC4L3o8WY/+ESAgpdnK6lSSMfcYgRanYLAy3HOmFIp20jwskMpbAg==}

  '@rspack/binding@1.3.15':
    resolution: {integrity: sha512-utNPuJglLO5lW9XbwIqjB7+2ilMo6JkuVLTVdnNVKU94FW7asn9F/qV+d+MgjUVqU1QPCGm0NuGO9xhbgeJ7pg==}

  '@rspack/core@1.3.12':
    resolution: {integrity: sha512-mAPmV4LPPRgxpouUrGmAE4kpF1NEWJGyM5coebsjK/zaCMSjw3mkdxiU2b5cO44oIi0Ifv5iGkvwbdrZOvMyFA==}
    engines: {node: '>=16.0.0'}
    peerDependencies:
      '@swc/helpers': '>=0.5.1'
    peerDependenciesMeta:
      '@swc/helpers':
        optional: true

  '@rspack/core@1.3.15':
    resolution: {integrity: sha512-QuElIC8jXSKWAp0LSx18pmbhA7NiA5HGoVYesmai90UVxz98tud0KpMxTVCg+0lrLrnKZfCWN9kwjCxM5pGnrA==}
    engines: {node: '>=16.0.0'}
    peerDependencies:
      '@swc/helpers': '>=0.5.1'
    peerDependenciesMeta:
      '@swc/helpers':
        optional: true

  '@rspack/lite-tapable@1.0.1':
    resolution: {integrity: sha512-VynGOEsVw2s8TAlLf/uESfrgfrq2+rcXB1muPJYBWbsm1Oa6r5qVQhjA5ggM6z/coYPrsVMgovl3Ff7Q7OCp1w==}
    engines: {node: '>=16.0.0'}

  '@swc/helpers@0.5.17':
    resolution: {integrity: sha512-5IKx/Y13RsYd+sauPb2x+U/xZikHjolzfuDgTAl/Tdf3Q8rslRvC19NKDLgAJQ6wsqADk10ntlv08nPFw/gO/A==}

  '@types/node@22.15.30':
    resolution: {integrity: sha512-6Q7lr06bEHdlfplU6YRbgG1SFBdlsfNC4/lX+SkhiTs0cpJkOElmWls8PxDFv4yY/xKb8Y6SO0OmSX4wgqTZbA==}

  '@types/url-parse@1.4.11':
    resolution: {integrity: sha512-FKvKIqRaykZtd4n47LbK/W/5fhQQ1X7cxxzG9A48h0BGN+S04NH7ervcCjM8tyR0lyGru83FAHSmw2ObgKoESg==}

  boolbase@1.0.0:
    resolution: {integrity: sha512-JZOSA7Mo9sNGB8+UjSgzdLtokWAky1zbztM3WRLCbZ70/3cTANmQmOdR7y2g+J0e2WXywy1yS468tY+IruqEww==}

  caniuse-lite@1.0.30001721:
    resolution: {integrity: sha512-cOuvmUVtKrtEaoKiO0rSc29jcjwMwX5tOHDy4MgVFEWiUXj4uBMJkwI8MDySkgXidpMiHUcviogAvFi4pA2hDQ==}

  cheerio-select@2.1.0:
    resolution: {integrity: sha512-9v9kG0LvzrlcungtnJtpGNxY+fzECQKhK4EGJX2vByejiMX84MFNQw4UxPJl3bFbTMw+Dfs37XaIkCwTZfLh4g==}

  cheerio@1.0.0:
    resolution: {integrity: sha512-quS9HgjQpdaXOvsZz82Oz7uxtXiy6UIsIQcpBj7HRw2M63Skasm9qlDocAM7jNuaxdhpPU7c4kJN+gA5MCu4ww==}
    engines: {node: '>=18.17'}

  core-js@3.42.0:
    resolution: {integrity: sha512-Sz4PP4ZA+Rq4II21qkNqOEDTDrCvcANId3xpIgB34NDkWc3UduWj2dqEtN9yZIq8Dk3HyPI33x9sqqU5C8sr0g==}

  css-select@5.1.0:
    resolution: {integrity: sha512-nwoRF1rvRRnnCqqY7updORDsuqKzqYJ28+oSMaJMMgOauh3fvwHqMS7EZpIPqK8GL+g9mKxF1vP/ZjSeNjEVHg==}

  css-what@6.1.0:
    resolution: {integrity: sha512-HTUrgRJ7r4dsZKU6GjmpfRK1O76h97Z8MfS1G0FozR+oF2kG6Vfe8JE6zwrkbxigziPHinCJ+gCPjA9EaBDtRw==}
    engines: {node: '>= 6'}

  dom-serializer@2.0.0:
    resolution: {integrity: sha512-wIkAryiqt/nV5EQKqQpo3SToSOV9J0DnbJqwK7Wv/Trc92zIAYZ4FlMu+JPFW1DfGFt81ZTCGgDEabffXeLyJg==}

  domelementtype@2.3.0:
    resolution: {integrity: sha512-OLETBj6w0OsagBwdXnPdN0cnMfF9opN69co+7ZrbfPGrdpPVNBUj02spi6B1N7wChLQiPn4CSH/zJvXw56gmHw==}

  domhandler@5.0.3:
    resolution: {integrity: sha512-cgwlv/1iFQiFnU96XXgROh8xTeetsnJiDsTc7TYCLFd9+/WNkIqPTxiM/8pSd8VIrhXGTf1Ny1q1hquVqDJB5w==}
    engines: {node: '>= 4'}

  domutils@3.2.2:
    resolution: {integrity: sha512-6kZKyUajlDuqlHKVX1w7gyslj9MPIXzIFiz/rGu35uC1wMi+kMhQwGhl4lt9unC9Vb9INnY9Z3/ZA3+FhASLaw==}

  encoding-sniffer@0.2.0:
    resolution: {integrity: sha512-ju7Wq1kg04I3HtiYIOrUrdfdDvkyO9s5XM8QAj/bN61Yo/Vb4vgJxy5vi4Yxk01gWHbrofpPtpxM8bKger9jhg==}

  entities@4.5.0:
    resolution: {integrity: sha512-V0hjH4dGPh9Ao5p0MoRY6BVqtwCjhz6vI5LT8AJ55H+4g9/4vbHx1I54fS0XuclLhDHArPQCiMjDxjaL8fPxhw==}
    engines: {node: '>=0.12'}

  entities@6.0.0:
    resolution: {integrity: sha512-aKstq2TDOndCn4diEyp9Uq/Flu2i1GlLkc6XIDQSDMuaFE3OPW5OphLCyQ5SpSJZTb4reN+kTcYru5yIfXoRPw==}
    engines: {node: '>=0.12'}

  fdir@6.4.5:
    resolution: {integrity: sha512-4BG7puHpVsIYxZUbiUE3RqGloLaSSwzYie5jvasC4LWuBWzZawynvYouhjbQKw2JuIGYdm0DzIxl8iVidKlUEw==}
    peerDependencies:
      picomatch: ^3 || ^4
    peerDependenciesMeta:
      picomatch:
        optional: true

  htmlparser2@9.1.0:
    resolution: {integrity: sha512-5zfg6mHUoaer/97TxnGpxmbR7zJtPwIYFMZ/H5ucTlPZhKvtum05yiPK3Mgai3a0DyVxv7qYqoweaEd2nrYQzQ==}

  iconv-lite@0.6.3:
    resolution: {integrity: sha512-4fCk79wshMdzMp2rH06qWrJE4iolqLhCUH+OiuIgU++RB0+94NlDL81atO7GX55uUKueo0txHNtvEyI6D7WdMw==}
    engines: {node: '>=0.10.0'}

  jiti@2.4.2:
    resolution: {integrity: sha512-rg9zJN+G4n2nfJl5MW3BMygZX56zKPNVEYYqq7adpmMh4Jn2QNEwhvQlFy6jPVdcod7txZtKHWnyZiA3a0zP7A==}
    hasBin: true

  json5@2.2.3:
    resolution: {integrity: sha512-XmOWe7eyHYH14cLdVPoyg+GOH3rYX++KpzrylJwSW98t3Nk+U8XOl8FWKOgwtzdb8lXGf6zYwDUzeHMWfxasyg==}
    engines: {node: '>=6'}
    hasBin: true

  magic-string@0.30.17:
    resolution: {integrity: sha512-sNPKHvyjVf7gyjwS4xGTaW/mCnF8wnjtifKBEhxfZ7E/S8tQ0rssrwGNn6q8JH/ohItJfSQp9mBtQYuTlH5QnA==}

  minimist@1.2.8:
    resolution: {integrity: sha512-2yyAR8qBkN3YuheJanUpWC5U3bb5osDywNB8RzDVlDwDHbocAJveqqj1u8+SVD7jkWT4yvsHCpWqqWqAxb0zCA==}

  nth-check@2.1.1:
    resolution: {integrity: sha512-lqjrjmaOoAnWfMmBPL+XNnynZh2+swxiX3WUE0s4yEHI6m+AwrK2UZOimIRl3X/4QctVqS8AiZjFqyOGrMXb/w==}

  p-limit@6.2.0:
    resolution: {integrity: sha512-kuUqqHNUqoIWp/c467RI4X6mmyuojY5jGutNU0wVTmEOOfcuwLqyMVoAi9MKi2Ak+5i9+nhmrK4ufZE8069kHA==}
    engines: {node: '>=18'}

  parse5-htmlparser2-tree-adapter@7.1.0:
    resolution: {integrity: sha512-ruw5xyKs6lrpo9x9rCZqZZnIUntICjQAd0Wsmp396Ul9lN/h+ifgVV1x1gZHi8euej6wTfpqX8j+BFQxF0NS/g==}

  parse5-parser-stream@7.1.2:
    resolution: {integrity: sha512-JyeQc9iwFLn5TbvvqACIF/VXG6abODeB3Fwmv/TGdLk2LfbWkaySGY72at4+Ty7EkPZj854u4CrICqNk2qIbow==}

  parse5@7.3.0:
    resolution: {integrity: sha512-IInvU7fabl34qmi9gY8XOVxhYyMyuH2xUNpb2q8/Y+7552KlejkRvqvD19nMoUW/uQGGbqNpA6Tufu5FL5BZgw==}

  picocolors@1.1.1:
    resolution: {integrity: sha512-xceH2snhtb5M9liqDsmEw56le376mTZkEX/jEb/RxNFyegNul7eNslCXP9FDj/Lcu0X8KEyMceP2ntpaHrDEVA==}

  picomatch@4.0.2:
    resolution: {integrity: sha512-M7BAV6Rlcy5u+m6oPhAPFgJTzAioX/6B0DxyvDlo9l8+T3nLKbrczg2WLUyzd45L8RqfUMyGPzekbMvX2Ldkwg==}
    engines: {node: '>=12'}

  querystringify@2.2.0:
    resolution: {integrity: sha512-FIqgj2EUvTa7R50u0rGsyTftzjYmv/a3hO345bZNrqabNqjtgiDMgmo4mkUjd+nzU5oF3dClKqFIPUKybUyqoQ==}

  requires-port@1.0.0:
    resolution: {integrity: sha512-KigOCHcocU3XODJxsu8i/j8T9tzT4adHiecwORRQ0ZZFcp7ahwXuRU1m+yuO90C5ZUyGeGfocHDI14M3L3yDAQ==}

  rsbuild-plugin-dts@0.9.2:
    resolution: {integrity: sha512-mVpf4J/auMSBy5iBNDaxTB8yYipENRTMUq8bQQJQdvzFuH2arQXrQ874ukEJ67XUZXhmxvc7ooEAR3UWKNiPtQ==}
    engines: {node: '>=16.7.0'}
    peerDependencies:
      '@microsoft/api-extractor': ^7
      '@rsbuild/core': 1.x
      typescript: ^5
    peerDependenciesMeta:
      '@microsoft/api-extractor':
        optional: true
      typescript:
        optional: true

  safer-buffer@2.1.2:
    resolution: {integrity: sha512-YZo3K82SD7Riyi0E1EQPojLz7kpepnSQI9IyPbHHg1XXXevb5dJI7tpyN2ADxGcQbHG7vcyRHk0cbwqcQriUtg==}

  strip-bom@3.0.0:
    resolution: {integrity: sha512-vavAMRXOgBVNF6nyEEmL3DBK19iRpDcoIwW+swQ+CbGiu7lju6t+JklA1MHweoWtadgt4ISVUsXLyDq34ddcwA==}
    engines: {node: '>=4'}

  tinyglobby@0.2.14:
    resolution: {integrity: sha512-tX5e7OM1HnYr2+a2C/4V0htOcSQcoSTH9KgJnVvNm5zm/cyEWKJ7j7YutsH9CxMdtOkkLFy2AHrMci9IM8IPZQ==}
    engines: {node: '>=12.0.0'}

  tsconfig-paths@4.2.0:
    resolution: {integrity: sha512-NoZ4roiN7LnbKn9QqE1amc9DJfzvZXxF4xDavcOWt1BPkdx+m+0gJuPM+S0vCe7zTJMYUP0R8pO2XMr+Y8oLIg==}
    engines: {node: '>=6'}

  tslib@2.8.1:
    resolution: {integrity: sha512-oJFu94HQb+KVduSUQL7wnpmqnfmLsOA/nAh6b6EH0wCEoK0/mPeXU6c3wKDV83MkOuHPRHtSXKKU99IBazS/2w==}

  typescript@5.8.3:
    resolution: {integrity: sha512-p1diW6TqL9L07nNxvRMM7hMMw4c5XOo/1ibL4aAIGmSAt9slTE1Xgw5KWuof2uTOvCg9BY7ZRi+GaF+7sfgPeQ==}
    engines: {node: '>=14.17'}
    hasBin: true

  undici-types@6.21.0:
    resolution: {integrity: sha512-iwDZqg0QAGrg9Rav5H4n0M64c3mkR59cJ6wQp+7C4nI0gsmExaedaYLNO44eT4AtBBwjbTiGPMlt2Md0T9H9JQ==}

  undici@6.21.3:
    resolution: {integrity: sha512-gBLkYIlEnSp8pFbT64yFgGE6UIB9tAkhukC23PmMDCe5Nd+cRqKxSjw5y54MK2AZMgZfJWMaNE4nYUHgi1XEOw==}
    engines: {node: '>=18.17'}

  url-parse@1.5.10:
    resolution: {integrity: sha512-WypcfiRhfeUP9vvF0j6rw0J3hrWrw6iZv3+22h6iRMJ/8z1Tj6XfLP4DsUix5MhMPnXpiHDoKyoZ/bdCkwBCiQ==}

  whatwg-encoding@3.1.1:
    resolution: {integrity: sha512-6qN4hJdMwfYBtE3YBTTHhoeuUrDBPZmbQaxWAqSALV/MeEnR5z1xd8UKud2RAkFoPkmB+hli1TZSnyi84xz1vQ==}
    engines: {node: '>=18'}

  whatwg-mimetype@4.0.0:
    resolution: {integrity: sha512-QaKxh0eNIi2mE9p2vEdzfagOKHCcj1pJ56EEHGQOVxp8r9/iszLUUV7v89x9O1p/T+NlTM5W7jW6+cz4Fq1YVg==}
    engines: {node: '>=18'}

  yocto-queue@1.2.1:
    resolution: {integrity: sha512-AyeEbWOu/TAXdxlV9wmGcR0+yh2j3vYPGOECcIj2S7MkrLyC7ne+oye2BKTItt0ii2PHk4cDy+95+LshzbXnGg==}
    engines: {node: '>=12.20'}

snapshots:

  '@ast-grep/napi-darwin-arm64@0.37.0':
    optional: true

  '@ast-grep/napi-darwin-x64@0.37.0':
    optional: true

  '@ast-grep/napi-linux-arm64-gnu@0.37.0':
    optional: true

  '@ast-grep/napi-linux-arm64-musl@0.37.0':
    optional: true

  '@ast-grep/napi-linux-x64-gnu@0.37.0':
    optional: true

  '@ast-grep/napi-linux-x64-musl@0.37.0':
    optional: true

  '@ast-grep/napi-win32-arm64-msvc@0.37.0':
    optional: true

  '@ast-grep/napi-win32-ia32-msvc@0.37.0':
    optional: true

  '@ast-grep/napi-win32-x64-msvc@0.37.0':
    optional: true

  '@ast-grep/napi@0.37.0':
    optionalDependencies:
      '@ast-grep/napi-darwin-arm64': 0.37.0
      '@ast-grep/napi-darwin-x64': 0.37.0
      '@ast-grep/napi-linux-arm64-gnu': 0.37.0
      '@ast-grep/napi-linux-arm64-musl': 0.37.0
      '@ast-grep/napi-linux-x64-gnu': 0.37.0
      '@ast-grep/napi-linux-x64-musl': 0.37.0
      '@ast-grep/napi-win32-arm64-msvc': 0.37.0
      '@ast-grep/napi-win32-ia32-msvc': 0.37.0
      '@ast-grep/napi-win32-x64-msvc': 0.37.0

  '@biomejs/biome@1.9.4':
    optionalDependencies:
      '@biomejs/cli-darwin-arm64': 1.9.4
      '@biomejs/cli-darwin-x64': 1.9.4
      '@biomejs/cli-linux-arm64': 1.9.4
      '@biomejs/cli-linux-arm64-musl': 1.9.4
      '@biomejs/cli-linux-x64': 1.9.4
      '@biomejs/cli-linux-x64-musl': 1.9.4
      '@biomejs/cli-win32-arm64': 1.9.4
      '@biomejs/cli-win32-x64': 1.9.4

  '@biomejs/cli-darwin-arm64@1.9.4':
    optional: true

  '@biomejs/cli-darwin-x64@1.9.4':
    optional: true

  '@biomejs/cli-linux-arm64-musl@1.9.4':
    optional: true

  '@biomejs/cli-linux-arm64@1.9.4':
    optional: true

  '@biomejs/cli-linux-x64-musl@1.9.4':
    optional: true

  '@biomejs/cli-linux-x64@1.9.4':
    optional: true

  '@biomejs/cli-win32-arm64@1.9.4':
    optional: true

  '@biomejs/cli-win32-x64@1.9.4':
    optional: true

  '@jridgewell/sourcemap-codec@1.5.0': {}

  '@module-federation/error-codes@0.14.0': {}

  '@module-federation/error-codes@0.14.3': {}

  '@module-federation/runtime-core@0.14.0':
    dependencies:
      '@module-federation/error-codes': 0.14.0
      '@module-federation/sdk': 0.14.0

  '@module-federation/runtime-core@0.14.3':
    dependencies:
      '@module-federation/error-codes': 0.14.3
      '@module-federation/sdk': 0.14.3

  '@module-federation/runtime-tools@0.14.0':
    dependencies:
      '@module-federation/runtime': 0.14.0
      '@module-federation/webpack-bundler-runtime': 0.14.0

  '@module-federation/runtime-tools@0.14.3':
    dependencies:
      '@module-federation/runtime': 0.14.3
      '@module-federation/webpack-bundler-runtime': 0.14.3

  '@module-federation/runtime@0.14.0':
    dependencies:
      '@module-federation/error-codes': 0.14.0
      '@module-federation/runtime-core': 0.14.0
      '@module-federation/sdk': 0.14.0

  '@module-federation/runtime@0.14.3':
    dependencies:
      '@module-federation/error-codes': 0.14.3
      '@module-federation/runtime-core': 0.14.3
      '@module-federation/sdk': 0.14.3

  '@module-federation/sdk@0.14.0': {}

  '@module-federation/sdk@0.14.3': {}

  '@module-federation/webpack-bundler-runtime@0.14.0':
    dependencies:
      '@module-federation/runtime': 0.14.0
      '@module-federation/sdk': 0.14.0

  '@module-federation/webpack-bundler-runtime@0.14.3':
    dependencies:
      '@module-federation/runtime': 0.14.3
      '@module-federation/sdk': 0.14.3

  '@rsbuild/core@1.3.22':
    dependencies:
      '@rspack/core': 1.3.12(@swc/helpers@0.5.17)
      '@rspack/lite-tapable': 1.0.1
      '@swc/helpers': 0.5.17
      core-js: 3.42.0
      jiti: 2.4.2

  '@rsbuild/core@1.4.0-beta.2':
    dependencies:
      '@rspack/core': 1.3.15(@swc/helpers@0.5.17)
      '@rspack/lite-tapable': 1.0.1
      '@swc/helpers': 0.5.17
      core-js: 3.42.0
      jiti: 2.4.2

  '@rslib/core@0.9.2(typescript@5.8.3)':
    dependencies:
      '@rsbuild/core': 1.4.0-beta.2
      rsbuild-plugin-dts: 0.9.2(@rsbuild/core@1.4.0-beta.2)(typescript@5.8.3)
      tinyglobby: 0.2.14
    optionalDependencies:
      typescript: 5.8.3

  '@rspack/binding-darwin-arm64@1.3.12':
    optional: true

  '@rspack/binding-darwin-arm64@1.3.15':
    optional: true

  '@rspack/binding-darwin-x64@1.3.12':
    optional: true

  '@rspack/binding-darwin-x64@1.3.15':
    optional: true

  '@rspack/binding-linux-arm64-gnu@1.3.12':
    optional: true

  '@rspack/binding-linux-arm64-gnu@1.3.15':
    optional: true

  '@rspack/binding-linux-arm64-musl@1.3.12':
    optional: true

  '@rspack/binding-linux-arm64-musl@1.3.15':
    optional: true

  '@rspack/binding-linux-x64-gnu@1.3.12':
    optional: true

  '@rspack/binding-linux-x64-gnu@1.3.15':
    optional: true

  '@rspack/binding-linux-x64-musl@1.3.12':
    optional: true

  '@rspack/binding-linux-x64-musl@1.3.15':
    optional: true

  '@rspack/binding-win32-arm64-msvc@1.3.12':
    optional: true

  '@rspack/binding-win32-arm64-msvc@1.3.15':
    optional: true

  '@rspack/binding-win32-ia32-msvc@1.3.12':
    optional: true

  '@rspack/binding-win32-ia32-msvc@1.3.15':
    optional: true

  '@rspack/binding-win32-x64-msvc@1.3.12':
    optional: true

  '@rspack/binding-win32-x64-msvc@1.3.15':
    optional: true

  '@rspack/binding@1.3.12':
    optionalDependencies:
      '@rspack/binding-darwin-arm64': 1.3.12
      '@rspack/binding-darwin-x64': 1.3.12
      '@rspack/binding-linux-arm64-gnu': 1.3.12
      '@rspack/binding-linux-arm64-musl': 1.3.12
      '@rspack/binding-linux-x64-gnu': 1.3.12
      '@rspack/binding-linux-x64-musl': 1.3.12
      '@rspack/binding-win32-arm64-msvc': 1.3.12
      '@rspack/binding-win32-ia32-msvc': 1.3.12
      '@rspack/binding-win32-x64-msvc': 1.3.12

  '@rspack/binding@1.3.15':
    optionalDependencies:
      '@rspack/binding-darwin-arm64': 1.3.15
      '@rspack/binding-darwin-x64': 1.3.15
      '@rspack/binding-linux-arm64-gnu': 1.3.15
      '@rspack/binding-linux-arm64-musl': 1.3.15
      '@rspack/binding-linux-x64-gnu': 1.3.15
      '@rspack/binding-linux-x64-musl': 1.3.15
      '@rspack/binding-win32-arm64-msvc': 1.3.15
      '@rspack/binding-win32-ia32-msvc': 1.3.15
      '@rspack/binding-win32-x64-msvc': 1.3.15

  '@rspack/core@1.3.12(@swc/helpers@0.5.17)':
    dependencies:
      '@module-federation/runtime-tools': 0.14.0
      '@rspack/binding': 1.3.12
      '@rspack/lite-tapable': 1.0.1
      caniuse-lite: 1.0.30001721
    optionalDependencies:
      '@swc/helpers': 0.5.17

  '@rspack/core@1.3.15(@swc/helpers@0.5.17)':
    dependencies:
      '@module-federation/runtime-tools': 0.14.3
      '@rspack/binding': 1.3.15
      '@rspack/lite-tapable': 1.0.1
    optionalDependencies:
      '@swc/helpers': 0.5.17

  '@rspack/lite-tapable@1.0.1': {}

  '@swc/helpers@0.5.17':
    dependencies:
      tslib: 2.8.1

  '@types/node@22.15.30':
    dependencies:
      undici-types: 6.21.0

  '@types/url-parse@1.4.11': {}

  boolbase@1.0.0: {}

  caniuse-lite@1.0.30001721: {}

  cheerio-select@2.1.0:
    dependencies:
      boolbase: 1.0.0
      css-select: 5.1.0
      css-what: 6.1.0
      domelementtype: 2.3.0
      domhandler: 5.0.3
      domutils: 3.2.2

  cheerio@1.0.0:
    dependencies:
      cheerio-select: 2.1.0
      dom-serializer: 2.0.0
      domhandler: 5.0.3
      domutils: 3.2.2
      encoding-sniffer: 0.2.0
      htmlparser2: 9.1.0
      parse5: 7.3.0
      parse5-htmlparser2-tree-adapter: 7.1.0
      parse5-parser-stream: 7.1.2
      undici: 6.21.3
      whatwg-mimetype: 4.0.0

  core-js@3.42.0: {}

  css-select@5.1.0:
    dependencies:
      boolbase: 1.0.0
      css-what: 6.1.0
      domhandler: 5.0.3
      domutils: 3.2.2
      nth-check: 2.1.1

  css-what@6.1.0: {}

  dom-serializer@2.0.0:
    dependencies:
      domelementtype: 2.3.0
      domhandler: 5.0.3
      entities: 4.5.0

  domelementtype@2.3.0: {}

  domhandler@5.0.3:
    dependencies:
      domelementtype: 2.3.0

  domutils@3.2.2:
    dependencies:
      dom-serializer: 2.0.0
      domelementtype: 2.3.0
      domhandler: 5.0.3

  encoding-sniffer@0.2.0:
    dependencies:
      iconv-lite: 0.6.3
      whatwg-encoding: 3.1.1

  entities@4.5.0: {}

  entities@6.0.0: {}

  fdir@6.4.5(picomatch@4.0.2):
    optionalDependencies:
      picomatch: 4.0.2

  htmlparser2@9.1.0:
    dependencies:
      domelementtype: 2.3.0
      domhandler: 5.0.3
      domutils: 3.2.2
      entities: 4.5.0

  iconv-lite@0.6.3:
    dependencies:
      safer-buffer: 2.1.2

  jiti@2.4.2: {}

  json5@2.2.3: {}

  magic-string@0.30.17:
    dependencies:
      '@jridgewell/sourcemap-codec': 1.5.0

  minimist@1.2.8: {}

  nth-check@2.1.1:
    dependencies:
      boolbase: 1.0.0

  p-limit@6.2.0:
    dependencies:
      yocto-queue: 1.2.1

  parse5-htmlparser2-tree-adapter@7.1.0:
    dependencies:
      domhandler: 5.0.3
      parse5: 7.3.0

  parse5-parser-stream@7.1.2:
    dependencies:
      parse5: 7.3.0

  parse5@7.3.0:
    dependencies:
      entities: 6.0.0

  picocolors@1.1.1: {}

  picomatch@4.0.2: {}

  querystringify@2.2.0: {}

  requires-port@1.0.0: {}

  rsbuild-plugin-dts@0.9.2(@rsbuild/core@1.4.0-beta.2)(typescript@5.8.3):
    dependencies:
      '@ast-grep/napi': 0.37.0
      '@rsbuild/core': 1.4.0-beta.2
      magic-string: 0.30.17
      picocolors: 1.1.1
      tinyglobby: 0.2.14
      tsconfig-paths: 4.2.0
    optionalDependencies:
      typescript: 5.8.3

  safer-buffer@2.1.2: {}

  strip-bom@3.0.0: {}

  tinyglobby@0.2.14:
    dependencies:
      fdir: 6.4.5(picomatch@4.0.2)
      picomatch: 4.0.2

  tsconfig-paths@4.2.0:
    dependencies:
      json5: 2.2.3
      minimist: 1.2.8
      strip-bom: 3.0.0

  tslib@2.8.1: {}

  typescript@5.8.3: {}

  undici-types@6.21.0: {}

  undici@6.21.3: {}

  url-parse@1.5.10:
    dependencies:
      querystringify: 2.2.0
      requires-port: 1.0.0

  whatwg-encoding@3.1.1:
    dependencies:
      iconv-lite: 0.6.3

  whatwg-mimetype@4.0.0: {}

  yocto-queue@1.2.1: {}
